
Microsoft Visual Studio Solution File, Format Version 12.00
# Visual Studio Version 17
VisualStudioVersion = 17.8.34330.188
MinimumVisualStudioVersion = 10.0.40219.1
Project("{FAE04EC0-301F-11D3-BF4B-00C04F79EFBC}") = "DeserializationOptimization", "DeserializationOptimization\DeserializationOptimization.csproj", "{EF104726-1ED4-4124-91B4-AC8C39550C4C}"
EndProject
Project("{FAE04EC0-301F-11D3-BF4B-00C04F79EFBC}") = "DeserializationOptimizationCommon", "DeserializationOptimizationCommon\DeserializationOptimizationCommon.csproj", "{7DCE667F-3A12-4FD7-8822-4474A521E420}"
EndProject
Project("{FAE04EC0-301F-11D3-BF4B-00C04F79EFBC}") = "DeserializeOptimizationClient", "DeserializeOptimizationClient\DeserializeOptimizationClient.csproj", "{29D2D23C-108E-4E11-B4A0-0F2CD30E4B53}"
EndProject
Global
	GlobalSection(SolutionConfigurationPlatforms) = preSolution
		Debug|Any CPU = Debug|Any CPU
		Release|Any CPU = Release|Any CPU
	EndGlobalSection
	GlobalSection(ProjectConfigurationPlatforms) = postSolution
		{EF104726-1ED4-4124-91B4-AC8C39550C4C}.Debug|Any CPU.ActiveCfg = Debug|Any CPU
		{EF104726-1ED4-4124-91B4-AC8C39550C4C}.Debug|Any CPU.Build.0 = Debug|Any CPU
		{EF104726-1ED4-4124-91B4-AC8C39550C4C}.Release|Any CPU.ActiveCfg = Release|Any CPU
		{EF104726-1ED4-4124-91B4-AC8C39550C4C}.Release|Any CPU.Build.0 = Release|Any CPU
		{7DCE667F-3A12-4FD7-8822-4474A521E420}.Debug|Any CPU.ActiveCfg = Debug|Any CPU
		{7DCE667F-3A12-4FD7-8822-4474A521E420}.Debug|Any CPU.Build.0 = Debug|Any CPU
		{7DCE667F-3A12-4FD7-8822-4474A521E420}.Release|Any CPU.ActiveCfg = Release|Any CPU
		{7DCE667F-3A12-4FD7-8822-4474A521E420}.Release|Any CPU.Build.0 = Release|Any CPU
		{29D2D23C-108E-4E11-B4A0-0F2CD30E4B53}.Debug|Any CPU.ActiveCfg = Debug|Any CPU
		{29D2D23C-108E-4E11-B4A0-0F2CD30E4B53}.Debug|Any CPU.Build.0 = Debug|Any CPU
		{29D2D23C-108E-4E11-B4A0-0F2CD30E4B53}.Release|Any CPU.ActiveCfg = Release|Any CPU
		{29D2D23C-108E-4E11-B4A0-0F2CD30E4B53}.Release|Any CPU.Build.0 = Release|Any CPU
	EndGlobalSection
	GlobalSection(SolutionProperties) = preSolution
		HideSolutionNode = FALSE
	EndGlobalSection
	GlobalSection(ExtensibilityGlobals) = postSolution
		SolutionGuid = {006D2781-5E23-4A33-A9F0-07C3DEC7F930}
	EndGlobalSection
EndGlobal
